
Microsoft Visual Studio Solution File, Format Version 12.00
# Visual Studio Version 17
VisualStudioVersion = 17.0.31903.59
MinimumVisualStudioVersion = 10.0.40219.1
Project("{2150E333-8FDC-42A3-9474-1A3956D46DE8}") = "mods", "mods", "{ED7DE66D-1FF1-BCCD-393E-2D4AFCA661A0}"
EndProject
Project("{2150E333-8FDC-42A3-9474-1A3956D46DE8}") = "twintubblower", "twintubblower", "{9E6D2A10-8DE6-DE22-4196-E9A66D86D92D}"
EndProject
Project("{2150E333-8FDC-42A3-9474-1A3956D46DE8}") = "src", "src", "{A47A91B5-E025-7AC4-5A76-B03792752085}"
EndProject
Project("{FAE04EC0-301F-11D3-BF4B-00C04F79EFBC}") = "TwinTubBlower", "mods\twintubblower\src\TwinTubBlower.csproj", "{EDE2803F-003D-4777-97FD-D7DAB4B28289}"
EndProject
Project("{2150E333-8FDC-42A3-9474-1A3956D46DE8}") = "tests", "tests", "{035E55F7-7B19-7227-2FB3-67EDCD68B325}"
EndProject
Project("{FAE04EC0-301F-11D3-BF4B-00C04F79EFBC}") = "TwinTubBlower.Tests", "mods\twintubblower\tests\TwinTubBlower.Tests.csproj", "{A0DB0F7A-3A7B-4884-B603-31894AE3D23E}"
EndProject
Project("{2150E333-8FDC-42A3-9474-1A3956D46DE8}") = "burdenmaker", "burdenmaker", "{5F280A7E-5428-7A60-1EAF-13F2E3C927D4}"
EndProject
Project("{2150E333-8FDC-42A3-9474-1A3956D46DE8}") = "src", "src", "{22920CFA-F492-2064-F072-3525D0F97F8E}"
EndProject
Project("{FAE04EC0-301F-11D3-BF4B-00C04F79EFBC}") = "BurdenMaker", "mods\burdenmaker\src\BurdenMaker.csproj", "{91CCFE5E-D9CF-4A6C-9021-C6D0090E7FD7}"
EndProject
Project("{2150E333-8FDC-42A3-9474-1A3956D46DE8}") = "tests", "tests", "{B286572D-E8CC-E5E3-A8A4-CB63A6433211}"
EndProject
Project("{FAE04EC0-301F-11D3-BF4B-00C04F79EFBC}") = "BurdenMaker.Tests", "mods\burdenmaker\tests\BurdenMaker.Tests.csproj", "{1B821319-9790-43E7-A4FB-F5822323DEFD}"
EndProject
Global
	GlobalSection(SolutionConfigurationPlatforms) = preSolution
		Debug|Any CPU = Debug|Any CPU
		Debug|x64 = Debug|x64
		Debug|x86 = Debug|x86
		Release|Any CPU = Release|Any CPU
		Release|x64 = Release|x64
		Release|x86 = Release|x86
	EndGlobalSection
	GlobalSection(ProjectConfigurationPlatforms) = postSolution
		{EDE2803F-003D-4777-97FD-D7DAB4B28289}.Debug|Any CPU.ActiveCfg = Debug|Any CPU
		{EDE2803F-003D-4777-97FD-D7DAB4B28289}.Debug|Any CPU.Build.0 = Debug|Any CPU
		{EDE2803F-003D-4777-97FD-D7DAB4B28289}.Debug|x64.ActiveCfg = Debug|Any CPU
		{EDE2803F-003D-4777-97FD-D7DAB4B28289}.Debug|x64.Build.0 = Debug|Any CPU
		{EDE2803F-003D-4777-97FD-D7DAB4B28289}.Debug|x86.ActiveCfg = Debug|Any CPU
		{EDE2803F-003D-4777-97FD-D7DAB4B28289}.Debug|x86.Build.0 = Debug|Any CPU
		{EDE2803F-003D-4777-97FD-D7DAB4B28289}.Release|Any CPU.ActiveCfg = Release|Any CPU
		{EDE2803F-003D-4777-97FD-D7DAB4B28289}.Release|Any CPU.Build.0 = Release|Any CPU
		{EDE2803F-003D-4777-97FD-D7DAB4B28289}.Release|x64.ActiveCfg = Release|Any CPU
		{EDE2803F-003D-4777-97FD-D7DAB4B28289}.Release|x64.Build.0 = Release|Any CPU
		{EDE2803F-003D-4777-97FD-D7DAB4B28289}.Release|x86.ActiveCfg = Release|Any CPU
		{EDE2803F-003D-4777-97FD-D7DAB4B28289}.Release|x86.Build.0 = Release|Any CPU
		{A0DB0F7A-3A7B-4884-B603-31894AE3D23E}.Debug|Any CPU.ActiveCfg = Debug|Any CPU
		{A0DB0F7A-3A7B-4884-B603-31894AE3D23E}.Debug|Any CPU.Build.0 = Debug|Any CPU
		{A0DB0F7A-3A7B-4884-B603-31894AE3D23E}.Debug|x64.ActiveCfg = Debug|Any CPU
		{A0DB0F7A-3A7B-4884-B603-31894AE3D23E}.Debug|x64.Build.0 = Debug|Any CPU
		{A0DB0F7A-3A7B-4884-B603-31894AE3D23E}.Debug|x86.ActiveCfg = Debug|Any CPU
		{A0DB0F7A-3A7B-4884-B603-31894AE3D23E}.Debug|x86.Build.0 = Debug|Any CPU
		{A0DB0F7A-3A7B-4884-B603-31894AE3D23E}.Release|Any CPU.ActiveCfg = Release|Any CPU
		{A0DB0F7A-3A7B-4884-B603-31894AE3D23E}.Release|Any CPU.Build.0 = Release|Any CPU
		{A0DB0F7A-3A7B-4884-B603-31894AE3D23E}.Release|x64.ActiveCfg = Release|Any CPU
		{A0DB0F7A-3A7B-4884-B603-31894AE3D23E}.Release|x64.Build.0 = Release|Any CPU
		{A0DB0F7A-3A7B-4884-B603-31894AE3D23E}.Release|x86.ActiveCfg = Release|Any CPU
		{A0DB0F7A-3A7B-4884-B603-31894AE3D23E}.Release|x86.Build.0 = Release|Any CPU
		{91CCFE5E-D9CF-4A6C-9021-C6D0090E7FD7}.Debug|Any CPU.ActiveCfg = Debug|Any CPU
		{91CCFE5E-D9CF-4A6C-9021-C6D0090E7FD7}.Debug|Any CPU.Build.0 = Debug|Any CPU
		{91CCFE5E-D9CF-4A6C-9021-C6D0090E7FD7}.Debug|x64.ActiveCfg = Debug|Any CPU
		{91CCFE5E-D9CF-4A6C-9021-C6D0090E7FD7}.Debug|x64.Build.0 = Debug|Any CPU
		{91CCFE5E-D9CF-4A6C-9021-C6D0090E7FD7}.Debug|x86.ActiveCfg = Debug|Any CPU
		{91CCFE5E-D9CF-4A6C-9021-C6D0090E7FD7}.Debug|x86.Build.0 = Debug|Any CPU
		{91CCFE5E-D9CF-4A6C-9021-C6D0090E7FD7}.Release|Any CPU.ActiveCfg = Release|Any CPU
		{91CCFE5E-D9CF-4A6C-9021-C6D0090E7FD7}.Release|Any CPU.Build.0 = Release|Any CPU
		{91CCFE5E-D9CF-4A6C-9021-C6D0090E7FD7}.Release|x64.ActiveCfg = Release|Any CPU
		{91CCFE5E-D9CF-4A6C-9021-C6D0090E7FD7}.Release|x64.Build.0 = Release|Any CPU
		{91CCFE5E-D9CF-4A6C-9021-C6D0090E7FD7}.Release|x86.ActiveCfg = Release|Any CPU
		{91CCFE5E-D9CF-4A6C-9021-C6D0090E7FD7}.Release|x86.Build.0 = Release|Any CPU
		{1B821319-9790-43E7-A4FB-F5822323DEFD}.Debug|Any CPU.ActiveCfg = Debug|Any CPU
		{1B821319-9790-43E7-A4FB-F5822323DEFD}.Debug|Any CPU.Build.0 = Debug|Any CPU
		{1B821319-9790-43E7-A4FB-F5822323DEFD}.Debug|x64.ActiveCfg = Debug|Any CPU
		{1B821319-9790-43E7-A4FB-F5822323DEFD}.Debug|x64.Build.0 = Debug|Any CPU
		{1B821319-9790-43E7-A4FB-F5822323DEFD}.Debug|x86.ActiveCfg = Debug|Any CPU
		{1B821319-9790-43E7-A4FB-F5822323DEFD}.Debug|x86.Build.0 = Debug|Any CPU
		{1B821319-9790-43E7-A4FB-F5822323DEFD}.Release|Any CPU.ActiveCfg = Release|Any CPU
		{1B821319-9790-43E7-A4FB-F5822323DEFD}.Release|Any CPU.Build.0 = Release|Any CPU
		{1B821319-9790-43E7-A4FB-F5822323DEFD}.Release|x64.ActiveCfg = Release|Any CPU
		{1B821319-9790-43E7-A4FB-F5822323DEFD}.Release|x64.Build.0 = Release|Any CPU
		{1B821319-9790-43E7-A4FB-F5822323DEFD}.Release|x86.ActiveCfg = Release|Any CPU
		{1B821319-9790-43E7-A4FB-F5822323DEFD}.Release|x86.Build.0 = Release|Any CPU
	EndGlobalSection
	GlobalSection(SolutionProperties) = preSolution
		HideSolutionNode = FALSE
	EndGlobalSection
	GlobalSection(NestedProjects) = preSolution
		{9E6D2A10-8DE6-DE22-4196-E9A66D86D92D} = {ED7DE66D-1FF1-BCCD-393E-2D4AFCA661A0}
		{A47A91B5-E025-7AC4-5A76-B03792752085} = {9E6D2A10-8DE6-DE22-4196-E9A66D86D92D}
		{EDE2803F-003D-4777-97FD-D7DAB4B28289} = {A47A91B5-E025-7AC4-5A76-B03792752085}
		{035E55F7-7B19-7227-2FB3-67EDCD68B325} = {9E6D2A10-8DE6-DE22-4196-E9A66D86D92D}
		{A0DB0F7A-3A7B-4884-B603-31894AE3D23E} = {035E55F7-7B19-7227-2FB3-67EDCD68B325}
		{5F280A7E-5428-7A60-1EAF-13F2E3C927D4} = {ED7DE66D-1FF1-BCCD-393E-2D4AFCA661A0}
		{22920CFA-F492-2064-F072-3525D0F97F8E} = {5F280A7E-5428-7A60-1EAF-13F2E3C927D4}
		{91CCFE5E-D9CF-4A6C-9021-C6D0090E7FD7} = {22920CFA-F492-2064-F072-3525D0F97F8E}
		{B286572D-E8CC-E5E3-A8A4-CB63A6433211} = {5F280A7E-5428-7A60-1EAF-13F2E3C927D4}
		{1B821319-9790-43E7-A4FB-F5822323DEFD} = {B286572D-E8CC-E5E3-A8A4-CB63A6433211}
	EndGlobalSection
EndGlobal
