
Microsoft Visual Studio Solution File, Format Version 12.00
# Visual Studio Version 17
VisualStudioVersion = 17.0.31903.59
MinimumVisualStudioVersion = 10.0.40219.1
Project("{2150E333-8FDC-42A3-9474-1A3956D46DE8}") = "mods", "mods", "{ED7DE66D-1FF1-BCCD-393E-2D4AFCA661A0}"
EndProject
Project("{2150E333-8FDC-42A3-9474-1A3956D46DE8}") = "grains", "grains", "{18DDFEE8-633A-2F3B-80FE-69E7E5595F3F}"
EndProject
Project("{2150E333-8FDC-42A3-9474-1A3956D46DE8}") = "src", "src", "{A538034B-4B86-3635-44D9-740F84AF8E18}"
EndProject
Project("{FAE04EC0-301F-11D3-BF4B-00C04F79EFBC}") = "Grains", "mods\grains\src\Grains.csproj", "{97FCCB6D-855B-4E32-BDEB-CC2FC6CD2A21}"
EndProject
Project("{2150E333-8FDC-42A3-9474-1A3956D46DE8}") = "tests", "tests", "{D41CA5CF-A41D-C0B4-A660-C1FB546648B7}"
EndProject
Project("{FAE04EC0-301F-11D3-BF4B-00C04F79EFBC}") = "Grains.Tests", "mods\grains\tests\Grains.Tests.csproj", "{5C41AC43-675E-48F0-AA74-A841CBFB3D5B}"
EndProject
Project("{2150E333-8FDC-42A3-9474-1A3956D46DE8}") = "handmill", "handmill", "{543B5403-C8B5-1B3A-5F84-F38A98313107}"
EndProject
Project("{2150E333-8FDC-42A3-9474-1A3956D46DE8}") = "src", "src", "{1B36971E-FF20-994D-425D-6CF4F35BFF06}"
EndProject
Project("{FAE04EC0-301F-11D3-BF4B-00C04F79EFBC}") = "HandMill", "mods\handmill\src\HandMill.csproj", "{17BE77F2-1292-409F-8673-5FE1C573375C}"
EndProject
Project("{2150E333-8FDC-42A3-9474-1A3956D46DE8}") = "tests", "tests", "{BCF91FB0-F092-227D-63D9-B6C0FBABC653}"
EndProject
Project("{FAE04EC0-301F-11D3-BF4B-00C04F79EFBC}") = "HandMill.Tests", "mods\handmill\tests\HandMill.Tests.csproj", "{B1BB7C34-9F83-4410-821C-6F861A744213}"
EndProject
Global
	GlobalSection(SolutionConfigurationPlatforms) = preSolution
		Debug|Any CPU = Debug|Any CPU
		Debug|x64 = Debug|x64
		Debug|x86 = Debug|x86
		Release|Any CPU = Release|Any CPU
		Release|x64 = Release|x64
		Release|x86 = Release|x86
	EndGlobalSection
	GlobalSection(ProjectConfigurationPlatforms) = postSolution
		{97FCCB6D-855B-4E32-BDEB-CC2FC6CD2A21}.Debug|Any CPU.ActiveCfg = Debug|Any CPU
		{97FCCB6D-855B-4E32-BDEB-CC2FC6CD2A21}.Debug|Any CPU.Build.0 = Debug|Any CPU
		{97FCCB6D-855B-4E32-BDEB-CC2FC6CD2A21}.Debug|x64.ActiveCfg = Debug|Any CPU
		{97FCCB6D-855B-4E32-BDEB-CC2FC6CD2A21}.Debug|x64.Build.0 = Debug|Any CPU
		{97FCCB6D-855B-4E32-BDEB-CC2FC6CD2A21}.Debug|x86.ActiveCfg = Debug|Any CPU
		{97FCCB6D-855B-4E32-BDEB-CC2FC6CD2A21}.Debug|x86.Build.0 = Debug|Any CPU
		{97FCCB6D-855B-4E32-BDEB-CC2FC6CD2A21}.Release|Any CPU.ActiveCfg = Release|Any CPU
		{97FCCB6D-855B-4E32-BDEB-CC2FC6CD2A21}.Release|Any CPU.Build.0 = Release|Any CPU
		{97FCCB6D-855B-4E32-BDEB-CC2FC6CD2A21}.Release|x64.ActiveCfg = Release|Any CPU
		{97FCCB6D-855B-4E32-BDEB-CC2FC6CD2A21}.Release|x64.Build.0 = Release|Any CPU
		{97FCCB6D-855B-4E32-BDEB-CC2FC6CD2A21}.Release|x86.ActiveCfg = Release|Any CPU
		{97FCCB6D-855B-4E32-BDEB-CC2FC6CD2A21}.Release|x86.Build.0 = Release|Any CPU
		{5C41AC43-675E-48F0-AA74-A841CBFB3D5B}.Debug|Any CPU.ActiveCfg = Debug|Any CPU
		{5C41AC43-675E-48F0-AA74-A841CBFB3D5B}.Debug|Any CPU.Build.0 = Debug|Any CPU
		{5C41AC43-675E-48F0-AA74-A841CBFB3D5B}.Debug|x64.ActiveCfg = Debug|Any CPU
		{5C41AC43-675E-48F0-AA74-A841CBFB3D5B}.Debug|x64.Build.0 = Debug|Any CPU
		{5C41AC43-675E-48F0-AA74-A841CBFB3D5B}.Debug|x86.ActiveCfg = Debug|Any CPU
		{5C41AC43-675E-48F0-AA74-A841CBFB3D5B}.Debug|x86.Build.0 = Debug|Any CPU
		{5C41AC43-675E-48F0-AA74-A841CBFB3D5B}.Release|Any CPU.ActiveCfg = Release|Any CPU
		{5C41AC43-675E-48F0-AA74-A841CBFB3D5B}.Release|Any CPU.Build.0 = Release|Any CPU
		{5C41AC43-675E-48F0-AA74-A841CBFB3D5B}.Release|x64.ActiveCfg = Release|Any CPU
		{5C41AC43-675E-48F0-AA74-A841CBFB3D5B}.Release|x64.Build.0 = Release|Any CPU
		{5C41AC43-675E-48F0-AA74-A841CBFB3D5B}.Release|x86.ActiveCfg = Release|Any CPU
		{5C41AC43-675E-48F0-AA74-A841CBFB3D5B}.Release|x86.Build.0 = Release|Any CPU
		{17BE77F2-1292-409F-8673-5FE1C573375C}.Debug|Any CPU.ActiveCfg = Debug|Any CPU
		{17BE77F2-1292-409F-8673-5FE1C573375C}.Debug|Any CPU.Build.0 = Debug|Any CPU
		{17BE77F2-1292-409F-8673-5FE1C573375C}.Debug|x64.ActiveCfg = Debug|Any CPU
		{17BE77F2-1292-409F-8673-5FE1C573375C}.Debug|x64.Build.0 = Debug|Any CPU
		{17BE77F2-1292-409F-8673-5FE1C573375C}.Debug|x86.ActiveCfg = Debug|Any CPU
		{17BE77F2-1292-409F-8673-5FE1C573375C}.Debug|x86.Build.0 = Debug|Any CPU
		{17BE77F2-1292-409F-8673-5FE1C573375C}.Release|Any CPU.ActiveCfg = Release|Any CPU
		{17BE77F2-1292-409F-8673-5FE1C573375C}.Release|Any CPU.Build.0 = Release|Any CPU
		{17BE77F2-1292-409F-8673-5FE1C573375C}.Release|x64.ActiveCfg = Release|Any CPU
		{17BE77F2-1292-409F-8673-5FE1C573375C}.Release|x64.Build.0 = Release|Any CPU
		{17BE77F2-1292-409F-8673-5FE1C573375C}.Release|x86.ActiveCfg = Release|Any CPU
		{17BE77F2-1292-409F-8673-5FE1C573375C}.Release|x86.Build.0 = Release|Any CPU
		{B1BB7C34-9F83-4410-821C-6F861A744213}.Debug|Any CPU.ActiveCfg = Debug|Any CPU
		{B1BB7C34-9F83-4410-821C-6F861A744213}.Debug|Any CPU.Build.0 = Debug|Any CPU
		{B1BB7C34-9F83-4410-821C-6F861A744213}.Debug|x64.ActiveCfg = Debug|Any CPU
		{B1BB7C34-9F83-4410-821C-6F861A744213}.Debug|x64.Build.0 = Debug|Any CPU
		{B1BB7C34-9F83-4410-821C-6F861A744213}.Debug|x86.ActiveCfg = Debug|Any CPU
		{B1BB7C34-9F83-4410-821C-6F861A744213}.Debug|x86.Build.0 = Debug|Any CPU
		{B1BB7C34-9F83-4410-821C-6F861A744213}.Release|Any CPU.ActiveCfg = Release|Any CPU
		{B1BB7C34-9F83-4410-821C-6F861A744213}.Release|Any CPU.Build.0 = Release|Any CPU
		{B1BB7C34-9F83-4410-821C-6F861A744213}.Release|x64.ActiveCfg = Release|Any CPU
		{B1BB7C34-9F83-4410-821C-6F861A744213}.Release|x64.Build.0 = Release|Any CPU
		{B1BB7C34-9F83-4410-821C-6F861A744213}.Release|x86.ActiveCfg = Release|Any CPU
		{B1BB7C34-9F83-4410-821C-6F861A744213}.Release|x86.Build.0 = Release|Any CPU
	EndGlobalSection
	GlobalSection(SolutionProperties) = preSolution
		HideSolutionNode = FALSE
	EndGlobalSection
	GlobalSection(NestedProjects) = preSolution
		{18DDFEE8-633A-2F3B-80FE-69E7E5595F3F} = {ED7DE66D-1FF1-BCCD-393E-2D4AFCA661A0}
		{A538034B-4B86-3635-44D9-740F84AF8E18} = {18DDFEE8-633A-2F3B-80FE-69E7E5595F3F}
		{97FCCB6D-855B-4E32-BDEB-CC2FC6CD2A21} = {A538034B-4B86-3635-44D9-740F84AF8E18}
		{D41CA5CF-A41D-C0B4-A660-C1FB546648B7} = {18DDFEE8-633A-2F3B-80FE-69E7E5595F3F}
		{5C41AC43-675E-48F0-AA74-A841CBFB3D5B} = {D41CA5CF-A41D-C0B4-A660-C1FB546648B7}
		{543B5403-C8B5-1B3A-5F84-F38A98313107} = {ED7DE66D-1FF1-BCCD-393E-2D4AFCA661A0}
		{1B36971E-FF20-994D-425D-6CF4F35BFF06} = {543B5403-C8B5-1B3A-5F84-F38A98313107}
		{17BE77F2-1292-409F-8673-5FE1C573375C} = {1B36971E-FF20-994D-425D-6CF4F35BFF06}
		{BCF91FB0-F092-227D-63D9-B6C0FBABC653} = {543B5403-C8B5-1B3A-5F84-F38A98313107}
		{B1BB7C34-9F83-4410-821C-6F861A744213} = {BCF91FB0-F092-227D-63D9-B6C0FBABC653}
	EndGlobalSection
EndGlobal
