
Microsoft Visual Studio Solution File, Format Version 12.00
# Visual Studio Version 17
VisualStudioVersion = 17.0.31903.59
MinimumVisualStudioVersion = 10.0.40219.1
Project("{2150E333-8FDC-42A3-9474-1A3956D46DE8}") = "mods", "mods", "{ED7DE66D-1FF1-BCCD-393E-2D4AFCA661A0}"
EndProject
Project("{2150E333-8FDC-42A3-9474-1A3956D46DE8}") = "hellomodule", "hellomodule", "{C5E479A8-5990-A2F2-9F36-64F47A5945BA}"
EndProject
Project("{FAE04EC0-301F-11D3-BF4B-00C04F79EFBC}") = "HelloModule", "mods\hellomodule\HelloModule.csproj", "{76FEE6AA-B158-44AA-A54D-C4AC5F499811}"
EndProject
Project("{2150E333-8FDC-42A3-9474-1A3956D46DE8}") = "tests", "tests", "{99CD8D30-7CF0-0FFC-FC5D-0A7E4A94CC11}"
EndProject
Project("{FAE04EC0-301F-11D3-BF4B-00C04F79EFBC}") = "HelloModule.Tests", "mods\hellomodule\tests\HelloModule.Tests.csproj", "{637EF68D-4A6F-41F7-AC69-376DED8F4764}"
EndProject
Project("{2150E333-8FDC-42A3-9474-1A3956D46DE8}") = "helloexpanded", "helloexpanded", "{3DC582F0-5FDE-E418-1CE0-94C1EDD36E0E}"
EndProject
Project("{FAE04EC0-301F-11D3-BF4B-00C04F79EFBC}") = "HelloExpanded", "mods\helloexpanded\HelloExpanded.csproj", "{7613F98F-0753-4F27-9F60-ED9B388CF255}"
EndProject
Project("{2150E333-8FDC-42A3-9474-1A3956D46DE8}") = "tests", "tests", "{866AA176-20AD-7060-17A4-FAA538EC0599}"
EndProject
Project("{FAE04EC0-301F-11D3-BF4B-00C04F79EFBC}") = "HelloExpanded.Tests", "mods\helloexpanded\tests\HelloExpanded.Tests.csproj", "{AD9F1128-614B-481A-AA54-92AD2AE3FA7F}"
EndProject
Global
	GlobalSection(SolutionConfigurationPlatforms) = preSolution
		Debug|Any CPU = Debug|Any CPU
		Debug|x64 = Debug|x64
		Debug|x86 = Debug|x86
		Release|Any CPU = Release|Any CPU
		Release|x64 = Release|x64
		Release|x86 = Release|x86
	EndGlobalSection
	GlobalSection(ProjectConfigurationPlatforms) = postSolution
		{76FEE6AA-B158-44AA-A54D-C4AC5F499811}.Debug|Any CPU.ActiveCfg = Debug|Any CPU
		{76FEE6AA-B158-44AA-A54D-C4AC5F499811}.Debug|Any CPU.Build.0 = Debug|Any CPU
		{76FEE6AA-B158-44AA-A54D-C4AC5F499811}.Debug|x64.ActiveCfg = Debug|Any CPU
		{76FEE6AA-B158-44AA-A54D-C4AC5F499811}.Debug|x64.Build.0 = Debug|Any CPU
		{76FEE6AA-B158-44AA-A54D-C4AC5F499811}.Debug|x86.ActiveCfg = Debug|Any CPU
		{76FEE6AA-B158-44AA-A54D-C4AC5F499811}.Debug|x86.Build.0 = Debug|Any CPU
		{76FEE6AA-B158-44AA-A54D-C4AC5F499811}.Release|Any CPU.ActiveCfg = Release|Any CPU
		{76FEE6AA-B158-44AA-A54D-C4AC5F499811}.Release|Any CPU.Build.0 = Release|Any CPU
		{76FEE6AA-B158-44AA-A54D-C4AC5F499811}.Release|x64.ActiveCfg = Release|Any CPU
		{76FEE6AA-B158-44AA-A54D-C4AC5F499811}.Release|x64.Build.0 = Release|Any CPU
		{76FEE6AA-B158-44AA-A54D-C4AC5F499811}.Release|x86.ActiveCfg = Release|Any CPU
		{76FEE6AA-B158-44AA-A54D-C4AC5F499811}.Release|x86.Build.0 = Release|Any CPU
		{637EF68D-4A6F-41F7-AC69-376DED8F4764}.Debug|Any CPU.ActiveCfg = Debug|Any CPU
		{637EF68D-4A6F-41F7-AC69-376DED8F4764}.Debug|Any CPU.Build.0 = Debug|Any CPU
		{637EF68D-4A6F-41F7-AC69-376DED8F4764}.Debug|x64.ActiveCfg = Debug|Any CPU
		{637EF68D-4A6F-41F7-AC69-376DED8F4764}.Debug|x64.Build.0 = Debug|Any CPU
		{637EF68D-4A6F-41F7-AC69-376DED8F4764}.Debug|x86.ActiveCfg = Debug|Any CPU
		{637EF68D-4A6F-41F7-AC69-376DED8F4764}.Debug|x86.Build.0 = Debug|Any CPU
		{637EF68D-4A6F-41F7-AC69-376DED8F4764}.Release|Any CPU.ActiveCfg = Release|Any CPU
		{637EF68D-4A6F-41F7-AC69-376DED8F4764}.Release|Any CPU.Build.0 = Release|Any CPU
		{637EF68D-4A6F-41F7-AC69-376DED8F4764}.Release|x64.ActiveCfg = Release|Any CPU
		{637EF68D-4A6F-41F7-AC69-376DED8F4764}.Release|x64.Build.0 = Release|Any CPU
		{637EF68D-4A6F-41F7-AC69-376DED8F4764}.Release|x86.ActiveCfg = Release|Any CPU
		{637EF68D-4A6F-41F7-AC69-376DED8F4764}.Release|x86.Build.0 = Release|Any CPU
		{7613F98F-0753-4F27-9F60-ED9B388CF255}.Debug|Any CPU.ActiveCfg = Debug|Any CPU
		{7613F98F-0753-4F27-9F60-ED9B388CF255}.Debug|Any CPU.Build.0 = Debug|Any CPU
		{7613F98F-0753-4F27-9F60-ED9B388CF255}.Debug|x64.ActiveCfg = Debug|Any CPU
		{7613F98F-0753-4F27-9F60-ED9B388CF255}.Debug|x64.Build.0 = Debug|Any CPU
		{7613F98F-0753-4F27-9F60-ED9B388CF255}.Debug|x86.ActiveCfg = Debug|Any CPU
		{7613F98F-0753-4F27-9F60-ED9B388CF255}.Debug|x86.Build.0 = Debug|Any CPU
		{7613F98F-0753-4F27-9F60-ED9B388CF255}.Release|Any CPU.ActiveCfg = Release|Any CPU
		{7613F98F-0753-4F27-9F60-ED9B388CF255}.Release|Any CPU.Build.0 = Release|Any CPU
		{7613F98F-0753-4F27-9F60-ED9B388CF255}.Release|x64.ActiveCfg = Release|Any CPU
		{7613F98F-0753-4F27-9F60-ED9B388CF255}.Release|x64.Build.0 = Release|Any CPU
		{7613F98F-0753-4F27-9F60-ED9B388CF255}.Release|x86.ActiveCfg = Release|Any CPU
		{7613F98F-0753-4F27-9F60-ED9B388CF255}.Release|x86.Build.0 = Release|Any CPU
		{AD9F1128-614B-481A-AA54-92AD2AE3FA7F}.Debug|Any CPU.ActiveCfg = Debug|Any CPU
		{AD9F1128-614B-481A-AA54-92AD2AE3FA7F}.Debug|Any CPU.Build.0 = Debug|Any CPU
		{AD9F1128-614B-481A-AA54-92AD2AE3FA7F}.Debug|x64.ActiveCfg = Debug|Any CPU
		{AD9F1128-614B-481A-AA54-92AD2AE3FA7F}.Debug|x64.Build.0 = Debug|Any CPU
		{AD9F1128-614B-481A-AA54-92AD2AE3FA7F}.Debug|x86.ActiveCfg = Debug|Any CPU
		{AD9F1128-614B-481A-AA54-92AD2AE3FA7F}.Debug|x86.Build.0 = Debug|Any CPU
		{AD9F1128-614B-481A-AA54-92AD2AE3FA7F}.Release|Any CPU.ActiveCfg = Release|Any CPU
		{AD9F1128-614B-481A-AA54-92AD2AE3FA7F}.Release|Any CPU.Build.0 = Release|Any CPU
		{AD9F1128-614B-481A-AA54-92AD2AE3FA7F}.Release|x64.ActiveCfg = Release|Any CPU
		{AD9F1128-614B-481A-AA54-92AD2AE3FA7F}.Release|x64.Build.0 = Release|Any CPU
		{AD9F1128-614B-481A-AA54-92AD2AE3FA7F}.Release|x86.ActiveCfg = Release|Any CPU
		{AD9F1128-614B-481A-AA54-92AD2AE3FA7F}.Release|x86.Build.0 = Release|Any CPU
	EndGlobalSection
	GlobalSection(SolutionProperties) = preSolution
		HideSolutionNode = FALSE
	EndGlobalSection
	GlobalSection(NestedProjects) = preSolution
		{C5E479A8-5990-A2F2-9F36-64F47A5945BA} = {ED7DE66D-1FF1-BCCD-393E-2D4AFCA661A0}
		{76FEE6AA-B158-44AA-A54D-C4AC5F499811} = {C5E479A8-5990-A2F2-9F36-64F47A5945BA}
		{99CD8D30-7CF0-0FFC-FC5D-0A7E4A94CC11} = {C5E479A8-5990-A2F2-9F36-64F47A5945BA}
		{637EF68D-4A6F-41F7-AC69-376DED8F4764} = {99CD8D30-7CF0-0FFC-FC5D-0A7E4A94CC11}
		{3DC582F0-5FDE-E418-1CE0-94C1EDD36E0E} = {ED7DE66D-1FF1-BCCD-393E-2D4AFCA661A0}
		{7613F98F-0753-4F27-9F60-ED9B388CF255} = {3DC582F0-5FDE-E418-1CE0-94C1EDD36E0E}
		{866AA176-20AD-7060-17A4-FAA538EC0599} = {3DC582F0-5FDE-E418-1CE0-94C1EDD36E0E}
		{AD9F1128-614B-481A-AA54-92AD2AE3FA7F} = {866AA176-20AD-7060-17A4-FAA538EC0599}
	EndGlobalSection
EndGlobal
